
Microsoft Visual Studio Solution File, Format Version 12.00
# Visual Studio 15
VisualStudioVersion = 15.0.28307.329
MinimumVisualStudioVersion = 10.0.40219.1
Project("{FAE04EC0-301F-11D3-BF4B-00C04F79EFBC}") = "CommentWall", "WallPostByTechBrij\CommentWall.csproj", "{A3664112-A2B0-438E-B5D8-995D8B18BF1A}"
EndProject
Global
	GlobalSection(SolutionConfigurationPlatforms) = preSolution
		Debug|Any CPU = Debug|Any CPU
		Release|Any CPU = Release|Any CPU
	EndGlobalSection
	GlobalSection(ProjectConfigurationPlatforms) = postSolution
		{A3664112-A2B0-438E-B5D8-995D8B18BF1A}.Debug|Any CPU.ActiveCfg = Debug|Any CPU
		{A3664112-A2B0-438E-B5D8-995D8B18BF1A}.Debug|Any CPU.Build.0 = Debug|Any CPU
		{A3664112-A2B0-438E-B5D8-995D8B18BF1A}.Release|Any CPU.ActiveCfg = Release|Any CPU
		{A3664112-A2B0-438E-B5D8-995D8B18BF1A}.Release|Any CPU.Build.0 = Release|Any CPU
	EndGlobalSection
	GlobalSection(SolutionProperties) = preSolution
		HideSolutionNode = FALSE
	EndGlobalSection
	GlobalSection(ExtensibilityGlobals) = postSolution
		SolutionGuid = {A432C7E0-B124-4E3F-B964-480C7E3D417E}
	EndGlobalSection
EndGlobal
